{
  "requires": true,
  "lockfileVersion": 1,
  "dependencies": {
    "bootstrap": {
      "version": "5.0.0-beta2",
      "resolved": "https://registry.npmjs.org/bootstrap/-/bootstrap-5.0.0-beta2.tgz",
      "integrity": "sha512-e+uPbPHqTQWKyCX435uVlOmgH9tUt0xtjvyOC7knhKgOS643BrQKuTo+KecGpPV7qlmOyZgCfaM4xxPWtDEN/g=="
    },
    "bootstrap-dropdown-hover": {
      "version": "4.2.0",
      "resolved": "https://registry.npmjs.org/bootstrap-dropdown-hover/-/bootstrap-dropdown-hover-4.2.0.tgz",
      "integrity": "sha512-WxbA48jLNSHk6sJAkSnwA5FE+0yE32fkW/Jk7arTSlkstI+ffyAbYrTcBZ18l3nFD0fcAoGHBnMjFmkbQBRFyQ=="
    },
    "jquery": {
      "version": "3.6.0",
      "resolved": "https://registry.npmjs.org/jquery/-/jquery-3.6.0.tgz",
      "integrity": "sha512-JVzAR/AjBvVt2BmYhxRCSYysDsPcssdmTFnzyLEts9qNwmjmu4JTAMYubEfwVOSwpQ1I1sKKFcxhZCI2buerfw=="
    }
  }
}
